
Microsoft Visual Studio Solution File, Format Version 12.00
# Visual Studio 14
VisualStudioVersion = 14.0.25420.1
MinimumVisualStudioVersion = 10.0.40219.1
Project("{FAE04EC0-301F-11D3-BF4B-00C04F79EFBC}") = "Models", "Models\Models.csproj", "{E5440AD2-1BF8-4133-905F-ADD0855C9226}"
EndProject
Project("{FAE04EC0-301F-11D3-BF4B-00C04F79EFBC}") = "WcfService", "WcfService\WcfService.csproj", "{F2662365-442D-4CDC-BA64-0CC2D500A3E3}"
EndProject
Project("{FAE04EC0-301F-11D3-BF4B-00C04F79EFBC}") = "TestConsole", "TestConsole\TestConsole.csproj", "{7BF663BE-716E-4529-828F-FAAC1539F691}"
	ProjectSection(ProjectDependencies) = postProject
		{F2662365-442D-4CDC-BA64-0CC2D500A3E3} = {F2662365-442D-4CDC-BA64-0CC2D500A3E3}
	EndProjectSection
EndProject
Project("{FAE04EC0-301F-11D3-BF4B-00C04F79EFBC}") = "DataAccessLayer", "DataAccessLayer\DataAccessLayer.csproj", "{EDF95E2C-B634-42E9-BE8A-58F5D9B40B80}"
EndProject
Project("{FAE04EC0-301F-11D3-BF4B-00C04F79EFBC}") = "Controller", "Controller\Controller.csproj", "{F3B8490E-57FF-4C3C-B102-6EE2485FBD33}"
EndProject
Project("{FAE04EC0-301F-11D3-BF4B-00C04F79EFBC}") = "BestilNemtUnitTestTest", "BestilNemtUnitTestTest\BestilNemtUnitTestTest.csproj", "{E634C898-468C-4F4C-A2D5-C303D9EA768B}"
	ProjectSection(ProjectDependencies) = postProject
		{F2662365-442D-4CDC-BA64-0CC2D500A3E3} = {F2662365-442D-4CDC-BA64-0CC2D500A3E3}
	EndProjectSection
EndProject
Project("{FAE04EC0-301F-11D3-BF4B-00C04F79EFBC}") = "HostApplication", "ConsoleApplication1\HostApplication.csproj", "{7ECAB184-581C-409B-A24C-065160E7C726}"
EndProject
Project("{FAE04EC0-301F-11D3-BF4B-00C04F79EFBC}") = "WebClient", "WebClient\WebClient.csproj", "{39A1DB2A-BCF7-46D4-8F55-D108101BE93A}"
	ProjectSection(ProjectDependencies) = postProject
		{F2662365-442D-4CDC-BA64-0CC2D500A3E3} = {F2662365-442D-4CDC-BA64-0CC2D500A3E3}
	EndProjectSection
EndProject
Project("{FAE04EC0-301F-11D3-BF4B-00C04F79EFBC}") = "WebClient.Tests", "WebClient.Tests\WebClient.Tests.csproj", "{5C43C91B-3AC8-4832-8160-3071370632E5}"
EndProject
Global
	GlobalSection(SolutionConfigurationPlatforms) = preSolution
		Debug|Any CPU = Debug|Any CPU
		Release|Any CPU = Release|Any CPU
	EndGlobalSection
	GlobalSection(ProjectConfigurationPlatforms) = postSolution
		{E5440AD2-1BF8-4133-905F-ADD0855C9226}.Debug|Any CPU.ActiveCfg = Debug|Any CPU
		{E5440AD2-1BF8-4133-905F-ADD0855C9226}.Debug|Any CPU.Build.0 = Debug|Any CPU
		{E5440AD2-1BF8-4133-905F-ADD0855C9226}.Release|Any CPU.ActiveCfg = Release|Any CPU
		{E5440AD2-1BF8-4133-905F-ADD0855C9226}.Release|Any CPU.Build.0 = Release|Any CPU
		{F2662365-442D-4CDC-BA64-0CC2D500A3E3}.Debug|Any CPU.ActiveCfg = Debug|Any CPU
		{F2662365-442D-4CDC-BA64-0CC2D500A3E3}.Debug|Any CPU.Build.0 = Debug|Any CPU
		{F2662365-442D-4CDC-BA64-0CC2D500A3E3}.Release|Any CPU.ActiveCfg = Release|Any CPU
		{F2662365-442D-4CDC-BA64-0CC2D500A3E3}.Release|Any CPU.Build.0 = Release|Any CPU
		{7BF663BE-716E-4529-828F-FAAC1539F691}.Debug|Any CPU.ActiveCfg = Debug|Any CPU
		{7BF663BE-716E-4529-828F-FAAC1539F691}.Debug|Any CPU.Build.0 = Debug|Any CPU
		{7BF663BE-716E-4529-828F-FAAC1539F691}.Release|Any CPU.ActiveCfg = Release|Any CPU
		{7BF663BE-716E-4529-828F-FAAC1539F691}.Release|Any CPU.Build.0 = Release|Any CPU
		{EDF95E2C-B634-42E9-BE8A-58F5D9B40B80}.Debug|Any CPU.ActiveCfg = Debug|Any CPU
		{EDF95E2C-B634-42E9-BE8A-58F5D9B40B80}.Debug|Any CPU.Build.0 = Debug|Any CPU
		{EDF95E2C-B634-42E9-BE8A-58F5D9B40B80}.Release|Any CPU.ActiveCfg = Release|Any CPU
		{EDF95E2C-B634-42E9-BE8A-58F5D9B40B80}.Release|Any CPU.Build.0 = Release|Any CPU
		{F3B8490E-57FF-4C3C-B102-6EE2485FBD33}.Debug|Any CPU.ActiveCfg = Debug|Any CPU
		{F3B8490E-57FF-4C3C-B102-6EE2485FBD33}.Debug|Any CPU.Build.0 = Debug|Any CPU
		{F3B8490E-57FF-4C3C-B102-6EE2485FBD33}.Release|Any CPU.ActiveCfg = Release|Any CPU
		{F3B8490E-57FF-4C3C-B102-6EE2485FBD33}.Release|Any CPU.Build.0 = Release|Any CPU
		{E634C898-468C-4F4C-A2D5-C303D9EA768B}.Debug|Any CPU.ActiveCfg = Debug|Any CPU
		{E634C898-468C-4F4C-A2D5-C303D9EA768B}.Debug|Any CPU.Build.0 = Debug|Any CPU
		{E634C898-468C-4F4C-A2D5-C303D9EA768B}.Release|Any CPU.ActiveCfg = Release|Any CPU
		{E634C898-468C-4F4C-A2D5-C303D9EA768B}.Release|Any CPU.Build.0 = Release|Any CPU
		{7ECAB184-581C-409B-A24C-065160E7C726}.Debug|Any CPU.ActiveCfg = Debug|Any CPU
		{7ECAB184-581C-409B-A24C-065160E7C726}.Debug|Any CPU.Build.0 = Debug|Any CPU
		{7ECAB184-581C-409B-A24C-065160E7C726}.Release|Any CPU.ActiveCfg = Release|Any CPU
		{7ECAB184-581C-409B-A24C-065160E7C726}.Release|Any CPU.Build.0 = Release|Any CPU
		{39A1DB2A-BCF7-46D4-8F55-D108101BE93A}.Debug|Any CPU.ActiveCfg = Debug|Any CPU
		{39A1DB2A-BCF7-46D4-8F55-D108101BE93A}.Debug|Any CPU.Build.0 = Debug|Any CPU
		{39A1DB2A-BCF7-46D4-8F55-D108101BE93A}.Release|Any CPU.ActiveCfg = Release|Any CPU
		{39A1DB2A-BCF7-46D4-8F55-D108101BE93A}.Release|Any CPU.Build.0 = Release|Any CPU
		{5C43C91B-3AC8-4832-8160-3071370632E5}.Debug|Any CPU.ActiveCfg = Debug|Any CPU
		{5C43C91B-3AC8-4832-8160-3071370632E5}.Debug|Any CPU.Build.0 = Debug|Any CPU
		{5C43C91B-3AC8-4832-8160-3071370632E5}.Release|Any CPU.ActiveCfg = Release|Any CPU
		{5C43C91B-3AC8-4832-8160-3071370632E5}.Release|Any CPU.Build.0 = Release|Any CPU
	EndGlobalSection
	GlobalSection(SolutionProperties) = preSolution
		HideSolutionNode = FALSE
	EndGlobalSection
EndGlobal
