
Microsoft Visual Studio Solution File, Format Version 12.00
# Visual Studio 14
VisualStudioVersion = 14.0.25420.1
MinimumVisualStudioVersion = 10.0.40219.1
Project("{FAE04EC0-301F-11D3-BF4B-00C04F79EFBC}") = "BestilNemt", "BestilNemt\BestilNemt.csproj", "{CC3DFA7B-F798-41D2-9BFF-6B1A129510BE}"
EndProject
Global
	GlobalSection(SolutionConfigurationPlatforms) = preSolution
		Debug|Any CPU = Debug|Any CPU
		Release|Any CPU = Release|Any CPU
	EndGlobalSection
	GlobalSection(ProjectConfigurationPlatforms) = postSolution
		{CC3DFA7B-F798-41D2-9BFF-6B1A129510BE}.Debug|Any CPU.ActiveCfg = Debug|Any CPU
		{CC3DFA7B-F798-41D2-9BFF-6B1A129510BE}.Debug|Any CPU.Build.0 = Debug|Any CPU
		{CC3DFA7B-F798-41D2-9BFF-6B1A129510BE}.Release|Any CPU.ActiveCfg = Release|Any CPU
		{CC3DFA7B-F798-41D2-9BFF-6B1A129510BE}.Release|Any CPU.Build.0 = Release|Any CPU
	EndGlobalSection
	GlobalSection(SolutionProperties) = preSolution
		HideSolutionNode = FALSE
	EndGlobalSection
EndGlobal
